
Microsoft Visual Studio Solution File, Format Version 12.00
# Visual Studio Version 16
VisualStudioVersion = 16.0.31702.278
MinimumVisualStudioVersion = 10.0.40219.1
Project("{FAE04EC0-301F-11D3-BF4B-00C04F79EFBC}") = "homework", "homework\homework.csproj", "{522BFA06-8F01-46AB-928E-99EC482B6A4B}"
EndProject
Global
	GlobalSection(SolutionConfigurationPlatforms) = preSolution
		Debug|Any CPU = Debug|Any CPU
		Release|Any CPU = Release|Any CPU
	EndGlobalSection
	GlobalSection(ProjectConfigurationPlatforms) = postSolution
		{522BFA06-8F01-46AB-928E-99EC482B6A4B}.Debug|Any CPU.ActiveCfg = Debug|Any CPU
		{522BFA06-8F01-46AB-928E-99EC482B6A4B}.Debug|Any CPU.Build.0 = Debug|Any CPU
		{522BFA06-8F01-46AB-928E-99EC482B6A4B}.Release|Any CPU.ActiveCfg = Release|Any CPU
		{522BFA06-8F01-46AB-928E-99EC482B6A4B}.Release|Any CPU.Build.0 = Release|Any CPU
	EndGlobalSection
	GlobalSection(SolutionProperties) = preSolution
		HideSolutionNode = FALSE
	EndGlobalSection
	GlobalSection(ExtensibilityGlobals) = postSolution
		SolutionGuid = {558D6A90-C2BE-4D79-8D9B-F88D04D492D1}
	EndGlobalSection
EndGlobal
